
Microsoft Visual Studio Solution File, Format Version 12.00
# Visual Studio Version 17
VisualStudioVersion = 17.6.33829.357
MinimumVisualStudioVersion = 10.0.40219.1
Project("{FAE04EC0-301F-11D3-BF4B-00C04F79EFBC}") = "Entities", "Entities\Entities.csproj", "{8B7A72CB-5F96-46B4-9BAD-B10A57F87B29}"
EndProject
Project("{FAE04EC0-301F-11D3-BF4B-00C04F79EFBC}") = "UseEntities", "UseEntities\UseEntities.csproj", "{3BE381FA-8430-404F-9F83-5B65D977557C}"
EndProject
Project("{FAE04EC0-301F-11D3-BF4B-00C04F79EFBC}") = "DAL", "DAL\DAL.csproj", "{BB6C4FE2-052E-464A-AB84-C4019866ED5F}"
EndProject
Project("{2150E333-8FDC-42A3-9474-1A3956D46DE8}") = "Solution Items", "Solution Items", "{23BF1DB9-9F36-414B-B563-A471D245A8EE}"
	ProjectSection(SolutionItems) = preProject
		.editorconfig = .editorconfig
	EndProjectSection
EndProject
Project("{FAE04EC0-301F-11D3-BF4B-00C04F79EFBC}") = "BLL", "BLL\BLL.csproj", "{081B91DD-3512-4F83-A24C-E585327AB2D0}"
EndProject
Project("{FAE04EC0-301F-11D3-BF4B-00C04F79EFBC}") = "UI", "UI\UI.csproj", "{C8D6D0F1-6866-45D9-A676-B1D0DF2D811C}"
EndProject
Global
	GlobalSection(SolutionConfigurationPlatforms) = preSolution
		Debug|Any CPU = Debug|Any CPU
		Release|Any CPU = Release|Any CPU
	EndGlobalSection
	GlobalSection(ProjectConfigurationPlatforms) = postSolution
		{8B7A72CB-5F96-46B4-9BAD-B10A57F87B29}.Debug|Any CPU.ActiveCfg = Debug|Any CPU
		{8B7A72CB-5F96-46B4-9BAD-B10A57F87B29}.Debug|Any CPU.Build.0 = Debug|Any CPU
		{8B7A72CB-5F96-46B4-9BAD-B10A57F87B29}.Release|Any CPU.ActiveCfg = Release|Any CPU
		{8B7A72CB-5F96-46B4-9BAD-B10A57F87B29}.Release|Any CPU.Build.0 = Release|Any CPU
		{3BE381FA-8430-404F-9F83-5B65D977557C}.Debug|Any CPU.ActiveCfg = Debug|Any CPU
		{3BE381FA-8430-404F-9F83-5B65D977557C}.Debug|Any CPU.Build.0 = Debug|Any CPU
		{3BE381FA-8430-404F-9F83-5B65D977557C}.Release|Any CPU.ActiveCfg = Release|Any CPU
		{3BE381FA-8430-404F-9F83-5B65D977557C}.Release|Any CPU.Build.0 = Release|Any CPU
		{BB6C4FE2-052E-464A-AB84-C4019866ED5F}.Debug|Any CPU.ActiveCfg = Debug|Any CPU
		{BB6C4FE2-052E-464A-AB84-C4019866ED5F}.Debug|Any CPU.Build.0 = Debug|Any CPU
		{BB6C4FE2-052E-464A-AB84-C4019866ED5F}.Release|Any CPU.ActiveCfg = Release|Any CPU
		{BB6C4FE2-052E-464A-AB84-C4019866ED5F}.Release|Any CPU.Build.0 = Release|Any CPU
		{081B91DD-3512-4F83-A24C-E585327AB2D0}.Debug|Any CPU.ActiveCfg = Debug|Any CPU
		{081B91DD-3512-4F83-A24C-E585327AB2D0}.Debug|Any CPU.Build.0 = Debug|Any CPU
		{081B91DD-3512-4F83-A24C-E585327AB2D0}.Release|Any CPU.ActiveCfg = Release|Any CPU
		{081B91DD-3512-4F83-A24C-E585327AB2D0}.Release|Any CPU.Build.0 = Release|Any CPU
		{C8D6D0F1-6866-45D9-A676-B1D0DF2D811C}.Debug|Any CPU.ActiveCfg = Debug|Any CPU
		{C8D6D0F1-6866-45D9-A676-B1D0DF2D811C}.Debug|Any CPU.Build.0 = Debug|Any CPU
		{C8D6D0F1-6866-45D9-A676-B1D0DF2D811C}.Release|Any CPU.ActiveCfg = Release|Any CPU
		{C8D6D0F1-6866-45D9-A676-B1D0DF2D811C}.Release|Any CPU.Build.0 = Release|Any CPU
	EndGlobalSection
	GlobalSection(SolutionProperties) = preSolution
		HideSolutionNode = FALSE
	EndGlobalSection
	GlobalSection(ExtensibilityGlobals) = postSolution
		SolutionGuid = {C5AC3DFC-7295-4F83-9997-9B3CA541EEEB}
	EndGlobalSection
EndGlobal
